// !$*UTF8*$!
{
	archiveVersion = 1;
	classes = {
	};
	objectVersion = 50;
	objects = {

/* Begin PBXBuildFile section */
		25CE8E6122AE846F00BE510C /* AppDelegate.swift in Sources */ = {isa = PBXBuildFile; fileRef = 25CE8E6022AE846F00BE510C /* AppDelegate.swift */; };
		25CE8E6322AE846F00BE510C /* ViewController.swift in Sources */ = {isa = PBXBuildFile; fileRef = 25CE8E6222AE846F00BE510C /* ViewController.swift */; };
		25CE8E6622AE846F00BE510C /* Main.storyboard in Resources */ = {isa = PBXBuildFile; fileRef = 25CE8E6422AE846F00BE510C /* Main.storyboard */; };
		25CE8E6822AE847000BE510C /* Assets.xcassets in Resources */ = {isa = PBXBuildFile; fileRef = 25CE8E6722AE847000BE510C /* Assets.xcassets */; };
		25CE8E6B22AE847000BE510C /* LaunchScreen.storyboard in Resources */ = {isa = PBXBuildFile; fileRef = 25CE8E6922AE847000BE510C /* LaunchScreen.storyboard */; };
		25CE8E7622AE851C00BE510C /* Hero.swift in Sources */ = {isa = PBXBuildFile; fileRef = 25CE8E7522AE851C00BE510C /* Hero.swift */; };
		25CE8E7922AE85B100BE510C /* heroes.json in Resources */ = {isa = PBXBuildFile; fileRef = 25CE8E7822AE85B100BE510C /* heroes.json */; };
/* End PBXBuildFile section */

/* Begin PBXFileReference section */
		25CE8E5D22AE846F00BE510C /* ComicVineTableViewExample.app */ = {isa = PBXFileReference; explicitFileType = wrapper.application; includeInIndex = 0; path = ComicVineTableViewExample.app; sourceTree = BUILT_PRODUCTS_DIR; };
		25CE8E6022AE846F00BE510C /* AppDelegate.swift */ = {isa = PBXFileReference; lastKnownFileType = sourcecode.swift; path = AppDelegate.swift; sourceTree = "<group>"; };
		25CE8E6222AE846F00BE510C /* ViewController.swift */ = {isa = PBXFileReference; lastKnownFileType = sourcecode.swift; path = ViewController.swift; sourceTree = "<group>"; };
		25CE8E6522AE846F00BE510C /* Base */ = {isa = PBXFileReference; lastKnownFileType = file.storyboard; name = Base; path = Base.lproj/Main.storyboard; sourceTree = "<group>"; };
		25CE8E6722AE847000BE510C /* Assets.xcassets */ = {isa = PBXFileReference; lastKnownFileType = folder.assetcatalog; path = Assets.xcassets; sourceTree = "<group>"; };
		25CE8E6A22AE847000BE510C /* Base */ = {isa = PBXFileReference; lastKnownFileType = file.storyboard; name = Base; path = Base.lproj/LaunchScreen.storyboard; sourceTree = "<group>"; };
		25CE8E6C22AE847000BE510C /* Info.plist */ = {isa = PBXFileReference; lastKnownFileType = text.plist.xml; path = Info.plist; sourceTree = "<group>"; };
		25CE8E7522AE851C00BE510C /* Hero.swift */ = {isa = PBXFileReference; lastKnownFileType = sourcecode.swift; path = Hero.swift; sourceTree = "<group>"; };
		25CE8E7822AE85B100BE510C /* heroes.json */ = {isa = PBXFileReference; fileEncoding = 4; lastKnownFileType = text.json; path = heroes.json; sourceTree = "<group>"; };
/* End PBXFileReference section */

/* Begin PBXFrameworksBuildPhase section */
		25CE8E5A22AE846F00BE510C /* Frameworks */ = {
			isa = PBXFrameworksBuildPhase;
			buildActionMask = 2147483647;
			files = (
			);
			runOnlyForDeploymentPostprocessing = 0;
		};
/* End PBXFrameworksBuildPhase section */

/* Begin PBXGroup section */
		25CE8E5422AE846F00BE510C = {
			isa = PBXGroup;
			children = (
				25CE8E5F22AE846F00BE510C /* ComicVineTableViewExample */,
				25CE8E5E22AE846F00BE510C /* Products */,
			);
			sourceTree = "<group>";
		};
		25CE8E5E22AE846F00BE510C /* Products */ = {
			isa = PBXGroup;
			children = (
				25CE8E5D22AE846F00BE510C /* ComicVineTableViewExample.app */,
			);
			name = Products;
			sourceTree = "<group>";
		};
		25CE8E5F22AE846F00BE510C /* ComicVineTableViewExample */ = {
			isa = PBXGroup;
			children = (
				25CE8E7722AE85A000BE510C /* Resources */,
				25CE8E7422AE84A500BE510C /* Views */,
				25CE8E7322AE849A00BE510C /* Controllers */,
				25CE8E7222AE848F00BE510C /* Models */,
				25CE8E6022AE846F00BE510C /* AppDelegate.swift */,
				25CE8E6222AE846F00BE510C /* ViewController.swift */,
				25CE8E6422AE846F00BE510C /* Main.storyboard */,
				25CE8E6722AE847000BE510C /* Assets.xcassets */,
				25CE8E6922AE847000BE510C /* LaunchScreen.storyboard */,
				25CE8E6C22AE847000BE510C /* Info.plist */,
			);
			path = ComicVineTableViewExample;
			sourceTree = "<group>";
		};
		25CE8E7222AE848F00BE510C /* Models */ = {
			isa = PBXGroup;
			children = (
				25CE8E7522AE851C00BE510C /* Hero.swift */,
			);
			path = Models;
			sourceTree = "<group>";
		};
		25CE8E7322AE849A00BE510C /* Controllers */ = {
			isa = PBXGroup;
			children = (
			);
			path = Controllers;
			sourceTree = "<group>";
		};
		25CE8E7422AE84A500BE510C /* Views */ = {
			isa = PBXGroup;
			children = (
			);
			path = Views;
			sourceTree = "<group>";
		};
		25CE8E7722AE85A000BE510C /* Resources */ = {
			isa = PBXGroup;
			children = (
				25CE8E7822AE85B100BE510C /* heroes.json */,
			);
			path = Resources;
			sourceTree = "<group>";
		};
/* End PBXGroup section */

/* Begin PBXNativeTarget section */
		25CE8E5C22AE846F00BE510C /* ComicVineTableViewExample */ = {
			isa = PBXNativeTarget;
			buildConfigurationList = 25CE8E6F22AE847000BE510C /* Build configuration list for PBXNativeTarget "ComicVineTableViewExample" */;
			buildPhases = (
				25CE8E5922AE846F00BE510C /* Sources */,
				25CE8E5A22AE846F00BE510C /* Frameworks */,
				25CE8E5B22AE846F00BE510C /* Resources */,
			);
			buildRules = (
			);
			dependencies = (
			);
			name = ComicVineTableViewExample;
			productName = ComicVineTableViewExample;
			productReference = 25CE8E5D22AE846F00BE510C /* ComicVineTableViewExample.app */;
			productType = "com.apple.product-type.application";
		};
/* End PBXNativeTarget section */

/* Begin PBXProject section */
		25CE8E5522AE846F00BE510C /* Project object */ = {
			isa = PBXProject;
			attributes = {
				LastSwiftUpdateCheck = 1010;
				LastUpgradeCheck = 1010;
				ORGANIZATIONNAME = "Mario Cezzare";
				TargetAttributes = {
					25CE8E5C22AE846F00BE510C = {
						CreatedOnToolsVersion = 10.1;
					};
				};
			};
			buildConfigurationList = 25CE8E5822AE846F00BE510C /* Build configuration list for PBXProject "ComicVineTableViewExample" */;
			compatibilityVersion = "Xcode 9.3";
			developmentRegion = en;
			hasScannedForEncodings = 0;
			knownRegions = (
				en,
				Base,
			);
			mainGroup = 25CE8E5422AE846F00BE510C;
			productRefGroup = 25CE8E5E22AE846F00BE510C /* Products */;
			projectDirPath = "";
			projectRoot = "";
			targets = (
				25CE8E5C22AE846F00BE510C /* ComicVineTableViewExample */,
			);
		};
/* End PBXProject section */

/* Begin PBXResourcesBuildPhase section */
		25CE8E5B22AE846F00BE510C /* Resources */ = {
			isa = PBXResourcesBuildPhase;
			buildActionMask = 2147483647;
			files = (
				25CE8E6B22AE847000BE510C /* LaunchScreen.storyboard in Resources */,
				25CE8E7922AE85B100BE510C /* heroes.json in Resources */,
				25CE8E6822AE847000BE510C /* Assets.xcassets in Resources */,
				25CE8E6622AE846F00BE510C /* Main.storyboard in Resources */,
			);
			runOnlyForDeploymentPostprocessing = 0;
		};
/* End PBXResourcesBuildPhase section */

/* Begin PBXSourcesBuildPhase section */
		25CE8E5922AE846F00BE510C /* Sources */ = {
			isa = PBXSourcesBuildPhase;
			buildActionMask = 2147483647;
			files = (
				25CE8E6322AE846F00BE510C /* ViewController.swift in Sources */,
				25CE8E6122AE846F00BE510C /* AppDelegate.swift in Sources */,
				25CE8E7622AE851C00BE510C /* Hero.swift in Sources */,
			);
			runOnlyForDeploymentPostprocessing = 0;
		};
/* End PBXSourcesBuildPhase section */

/* Begin PBXVariantGroup section */
		25CE8E6422AE846F00BE510C /* Main.storyboard */ = {
			isa = PBXVariantGroup;
			children = (
				25CE8E6522AE846F00BE510C /* Base */,
			);
			name = Main.storyboard;
			sourceTree = "<group>";
		};
		25CE8E6922AE847000BE510C /* LaunchScreen.storyboard */ = {
			isa = PBXVariantGroup;
			children = (
				25CE8E6A22AE847000BE510C /* Base */,
			);
			name = LaunchScreen.storyboard;
			sourceTree = "<group>";
		};
/* End PBXVariantGroup section */

/* Begin XCBuildConfiguration section */
		25CE8E6D22AE847000BE510C /* Debug */ = {
			isa = XCBuildConfiguration;
			buildSettings = {
				ALWAYS_SEARCH_USER_PATHS = NO;
				CLANG_ANALYZER_NONNULL = YES;
				CLANG_ANALYZER_NUMBER_OBJECT_CONVERSION = YES_AGGRESSIVE;
				CLANG_CXX_LANGUAGE_STANDARD = "gnu++14";
				CLANG_CXX_LIBRARY = "libc++";
				CLANG_ENABLE_MODULES = YES;
				CLANG_ENABLE_OBJC_ARC = YES;
				CLANG_ENABLE_OBJC_WEAK = YES;
				CLANG_WARN_BLOCK_CAPTURE_AUTORELEASING = YES;
				CLANG_WARN_BOOL_CONVERSION = YES;
				CLANG_WARN_COMMA = YES;
				CLANG_WARN_CONSTANT_CONVERSION = YES;
				CLANG_WARN_DEPRECATED_OBJC_IMPLEMENTATIONS = YES;
				CLANG_WARN_DIRECT_OBJC_ISA_USAGE = YES_ERROR;
				CLANG_WARN_DOCUMENTATION_COMMENTS = YES;
				CLANG_WARN_EMPTY_BODY = YES;
				CLANG_WARN_ENUM_CONVERSION = YES;
				CLANG_WARN_INFINITE_RECURSION = YES;
				CLANG_WARN_INT_CONVERSION = YES;
				CLANG_WARN_NON_LITERAL_NULL_CONVERSION = YES;
				CLANG_WARN_OBJC_IMPLICIT_RETAIN_SELF = YES;
				CLANG_WARN_OBJC_LITERAL_CONVERSION = YES;
				CLANG_WARN_OBJC_ROOT_CLASS = YES_ERROR;
				CLANG_WARN_RANGE_LOOP_ANALYSIS = YES;
				CLANG_WARN_STRICT_PROTOTYPES = YES;
				CLANG_WARN_SUSPICIOUS_MOVE = YES;
				CLANG_WARN_UNGUARDED_AVAILABILITY = YES_AGGRESSIVE;
				CLANG_WARN_UNREACHABLE_CODE = YES;
				CLANG_WARN__DUPLICATE_METHOD_MATCH = YES;
				CODE_SIGN_IDENTITY = "iPhone Developer";
				COPY_PHASE_STRIP = NO;
				DEBUG_INFORMATION_FORMAT = dwarf;
				ENABLE_STRICT_OBJC_MSGSEND = YES;
				ENABLE_TESTABILITY = YES;
				GCC_C_LANGUAGE_STANDARD = gnu11;
				GCC_DYNAMIC_NO_PIC = NO;
				GCC_NO_COMMON_BLOCKS = YES;
				GCC_OPTIMIZATION_LEVEL = 0;
				GCC_PREPROCESSOR_DEFINITIONS = (
					"DEBUG=1",
					"$(inherited)",
				);
				GCC_WARN_64_TO_32_BIT_CONVERSION = YES;
				GCC_WARN_ABOUT_RETURN_TYPE = YES_ERROR;
				GCC_WARN_UNDECLARED_SELECTOR = YES;
				GCC_WARN_UNINITIALIZED_AUTOS = YES_AGGRESSIVE;
				GCC_WARN_UNUSED_FUNCTION = YES;
				GCC_WARN_UNUSED_VARIABLE = YES;
				IPHONEOS_DEPLOYMENT_TARGET = 12.1;
				MTL_ENABLE_DEBUG_INFO = INCLUDE_SOURCE;
				MTL_FAST_MATH = YES;
				ONLY_ACTIVE_ARCH = YES;
				SDKROOT = iphoneos;
				SWIFT_ACTIVE_COMPILATION_CONDITIONS = DEBUG;
				SWIFT_OPTIMIZATION_LEVEL = "-Onone";
			};
			name = Debug;
		};
		25CE8E6E22AE847000BE510C /* Release */ = {
			isa = XCBuildConfiguration;
			buildSettings = {
				ALWAYS_SEARCH_USER_PATHS = NO;
				CLANG_ANALYZER_NONNULL = YES;
				CLANG_ANALYZER_NUMBER_OBJECT_CONVERSION = YES_AGGRESSIVE;
				CLANG_CXX_LANGUAGE_STANDARD = "gnu++14";
				CLANG_CXX_LIBRARY = "libc++";
				CLANG_ENABLE_MODULES = YES;
				CLANG_ENABLE_OBJC_ARC = YES;
				CLANG_ENABLE_OBJC_WEAK = YES;
				CLANG_WARN_BLOCK_CAPTURE_AUTORELEASING = YES;
				CLANG_WARN_BOOL_CONVERSION = YES;
				CLANG_WARN_COMMA = YES;
				CLANG_WARN_CONSTANT_CONVERSION = YES;
				CLANG_WARN_DEPRECATED_OBJC_IMPLEMENTATIONS = YES;
				CLANG_WARN_DIRECT_OBJC_ISA_USAGE = YES_ERROR;
				CLANG_WARN_DOCUMENTATION_COMMENTS = YES;
				CLANG_WARN_EMPTY_BODY = YES;
				CLANG_WARN_ENUM_CONVERSION = YES;
				CLANG_WARN_INFINITE_RECURSION = YES;
				CLANG_WARN_INT_CONVERSION = YES;
				CLANG_WARN_NON_LITERAL_NULL_CONVERSION = YES;
				CLANG_WARN_OBJC_IMPLICIT_RETAIN_SELF = YES;
				CLANG_WARN_OBJC_LITERAL_CONVERSION = YES;
				CLANG_WARN_OBJC_ROOT_CLASS = YES_ERROR;
				CLANG_WARN_RANGE_LOOP_ANALYSIS = YES;
				CLANG_WARN_STRICT_PROTOTYPES = YES;
				CLANG_WARN_SUSPICIOUS_MOVE = YES;
				CLANG_WARN_UNGUARDED_AVAILABILITY = YES_AGGRESSIVE;
				CLANG_WARN_UNREACHABLE_CODE = YES;
				CLANG_WARN__DUPLICATE_METHOD_MATCH = YES;
				CODE_SIGN_IDENTITY = "iPhone Developer";
				COPY_PHASE_STRIP = NO;
				DEBUG_INFORMATION_FORMAT = "dwarf-with-dsym";
				ENABLE_NS_ASSERTIONS = NO;
				ENABLE_STRICT_OBJC_MSGSEND = YES;
				GCC_C_LANGUAGE_STANDARD = gnu11;
				GCC_NO_COMMON_BLOCKS = YES;
				GCC_WARN_64_TO_32_BIT_CONVERSION = YES;
				GCC_WARN_ABOUT_RETURN_TYPE = YES_ERROR;
				GCC_WARN_UNDECLARED_SELECTOR = YES;
				GCC_WARN_UNINITIALIZED_AUTOS = YES_AGGRESSIVE;
				GCC_WARN_UNUSED_FUNCTION = YES;
				GCC_WARN_UNUSED_VARIABLE = YES;
				IPHONEOS_DEPLOYMENT_TARGET = 12.1;
				MTL_ENABLE_DEBUG_INFO = NO;
				MTL_FAST_MATH = YES;
				SDKROOT = iphoneos;
				SWIFT_COMPILATION_MODE = wholemodule;
				SWIFT_OPTIMIZATION_LEVEL = "-O";
				VALIDATE_PRODUCT = YES;
			};
			name = Release;
		};
		25CE8E7022AE847000BE510C /* Debug */ = {
			isa = XCBuildConfiguration;
			buildSettings = {
				ASSETCATALOG_COMPILER_APPICON_NAME = AppIcon;
				CODE_SIGN_STYLE = Automatic;
				INFOPLIST_FILE = ComicVineTableViewExample/Info.plist;
				LD_RUNPATH_SEARCH_PATHS = (
					"$(inherited)",
					"@executable_path/Frameworks",
				);
				PRODUCT_BUNDLE_IDENTIFIER = com.mcezzare.tutorials.ComicVineTableViewExample;
				PRODUCT_NAME = "$(TARGET_NAME)";
				SWIFT_VERSION = 4.2;
				TARGETED_DEVICE_FAMILY = "1,2";
			};
			name = Debug;
		};
		25CE8E7122AE847000BE510C /* Release */ = {
			isa = XCBuildConfiguration;
			buildSettings = {
				ASSETCATALOG_COMPILER_APPICON_NAME = AppIcon;
				CODE_SIGN_STYLE = Automatic;
				INFOPLIST_FILE = ComicVineTableViewExample/Info.plist;
				LD_RUNPATH_SEARCH_PATHS = (
					"$(inherited)",
					"@executable_path/Frameworks",
				);
				PRODUCT_BUNDLE_IDENTIFIER = com.mcezzare.tutorials.ComicVineTableViewExample;
				PRODUCT_NAME = "$(TARGET_NAME)";
				SWIFT_VERSION = 4.2;
				TARGETED_DEVICE_FAMILY = "1,2";
			};
			name = Release;
		};
/* End XCBuildConfiguration section */

/* Begin XCConfigurationList section */
		25CE8E5822AE846F00BE510C /* Build configuration list for PBXProject "ComicVineTableViewExample" */ = {
			isa = XCConfigurationList;
			buildConfigurations = (
				25CE8E6D22AE847000BE510C /* Debug */,
				25CE8E6E22AE847000BE510C /* Release */,
			);
			defaultConfigurationIsVisible = 0;
			defaultConfigurationName = Release;
		};
		25CE8E6F22AE847000BE510C /* Build configuration list for PBXNativeTarget "ComicVineTableViewExample" */ = {
			isa = XCConfigurationList;
			buildConfigurations = (
				25CE8E7022AE847000BE510C /* Debug */,
				25CE8E7122AE847000BE510C /* Release */,
			);
			defaultConfigurationIsVisible = 0;
			defaultConfigurationName = Release;
		};
/* End XCConfigurationList section */
	};
	rootObject = 25CE8E5522AE846F00BE510C /* Project object */;
}
